{
  "projects": [
    {
      "projectId": "xx75S8QvJWRspcqMPvFTwe",
      "version": "latest",
      "dependencies": {},
      "lang": "ts",
      "fileLocks": [
        {
          "type": "globalVariant",
          "assetId": "A3LZcgrTz0",
          "checksum": "3de7db06f996211e09926bd30e353762"
        },
        {
          "type": "renderModule",
          "assetId": "Mk9MEh4U4v",
          "checksum": "94556b8a3da4004d0567bd310017479d"
        },
        {
          "type": "cssRules",
          "assetId": "Mk9MEh4U4v",
          "checksum": "94556b8a3da4004d0567bd310017479d"
        },
        {
          "type": "icon",
          "assetId": "wNYZdzCAE",
          "checksum": "fa7d507d82e619236d4f972a46d4ca6d"
        },
        {
          "type": "icon",
          "assetId": "0HxfaBY5dj",
          "checksum": "710b9486f10ac894458ec2e2495ca598"
        },
        {
          "type": "icon",
          "assetId": "9oKlUowyZhk",
          "checksum": "53569252bdd6420e057202903888e07f"
        },
        {
          "type": "icon",
          "assetId": "e4uSmmYO2zN",
          "checksum": "d4f46226be794b1de3eff573b4185d31"
        },
        {
          "type": "icon",
          "assetId": "kgfngmNuhY5",
          "checksum": "3392caa8e794d8753d83a099f5d048d6"
        },
        {
          "type": "icon",
          "assetId": "ucjbnhycQno",
          "checksum": "a5031aa68be2ff1e12139ac1fd91806e"
        },
        {
          "type": "icon",
          "assetId": "7S6doOpA7X6",
          "checksum": "cb63d7be89980e92a5f984a8ac721d93"
        },
        {
          "type": "icon",
          "assetId": "tysHezriu11",
          "checksum": "eb0b53edbb8ebfefdfe5388abea5e2f5"
        },
        {
          "type": "icon",
          "assetId": "izoSlNZZtwX",
          "checksum": "1c89e9810a35dd931d4f6f73d86c103e"
        },
        {
          "type": "icon",
          "assetId": "n9E9IbwoZZO",
          "checksum": "443cf89a97fda463291e2022022b384e"
        },
        {
          "type": "icon",
          "assetId": "LTmemUvPctH",
          "checksum": "5647dc52e14965e8fa4a6e105e434bfa"
        },
        {
          "type": "icon",
          "assetId": "yWA15Xrp0NW",
          "checksum": "8eb96e85b75bba69a25731aa297bd41d"
        },
        {
          "type": "icon",
          "assetId": "9RfeKRy6hDA",
          "checksum": "f7e47871d228e258e3e708be407f2450"
        },
        {
          "type": "icon",
          "assetId": "NCQ2saPw4k3",
          "checksum": "b35b61e47ddc4b2ca9e8b34a31efe811"
        },
        {
          "type": "image",
          "assetId": "rgxYT5qwJ",
          "checksum": "faca4b4c87a85683b2a1008bc5ae8043"
        },
        {
          "type": "image",
          "assetId": "UDUEIVQl8C",
          "checksum": "78f3d25fb815b819da7e8f3946d2d68f"
        },
        {
          "type": "image",
          "assetId": "ZONncs0m2U",
          "checksum": "ae5a8ce42aabb4e77d0b5f8897692cda"
        },
        {
          "type": "image",
          "assetId": "KRuzVsWhHJ",
          "checksum": "48e1ddf5276e483db8b336cc1dba82e1"
        },
        {
          "type": "image",
          "assetId": "LPNU5v56Te",
          "checksum": "2f1ac8619172e9f702a4f0e599d28507"
        },
        {
          "type": "image",
          "assetId": "JQDlwE-VgC",
          "checksum": "a57b89ec5bd9567cac82807a748dc216"
        },
        {
          "type": "image",
          "assetId": "8nXdDFu0tc",
          "checksum": "f038ba31d8a7ab3b67fbc2c1bb2e2020"
        },
        {
          "type": "image",
          "assetId": "P8JEoXHe4A",
          "checksum": "7642650bed99538bdce0c6d729129543"
        },
        {
          "type": "image",
          "assetId": "A-AinmjMIn",
          "checksum": "b6dd3bfb392eb295953b5ed32da9a72e"
        },
        {
          "type": "image",
          "assetId": "KnvQjCxroO",
          "checksum": "91a0022b7888d791f7e14f1afde08b23"
        },
        {
          "type": "image",
          "assetId": "WKFLBCx3v6V",
          "checksum": "c8a6598b00728ae63d62b38c1d387630"
        },
        {
          "type": "image",
          "assetId": "f4qfgwlGwE1",
          "checksum": "ccc4de270d02b3256bcd149d20c4c986"
        },
        {
          "assetId": "xx75S8QvJWRspcqMPvFTwe",
          "type": "projectCss",
          "checksum": "585c1af3477d2b05c2e88985c5a0706e"
        },
        {
          "type": "icon",
          "assetId": "Nj6jZJn0_r",
          "checksum": "add052238c6fa34fb0f5126bd923826f"
        },
        {
          "type": "icon",
          "assetId": "WXcpyE4Pdt",
          "checksum": "d5ba7e406f61bcd2edf4edb23af60177"
        },
        {
          "type": "icon",
          "assetId": "-p37E2U0-2V",
          "checksum": "ae9bfa70846abdeb3d504ef4fa99b512"
        },
        {
          "type": "icon",
          "assetId": "u50mDqbSPuL",
          "checksum": "7ed076eb17840f28465487d3d1e9a024"
        },
        {
          "type": "icon",
          "assetId": "jMm11YaFuie",
          "checksum": "2c50d263fc83d4a5edcbd3dec40818ee"
        },
        {
          "type": "icon",
          "assetId": "xE9Q_ynHQdA",
          "checksum": "9a8f5c967076f6833f09f74db7a22e73"
        },
        {
          "type": "icon",
          "assetId": "ZhF8eXqWx62",
          "checksum": "1c2ec18ce573bb8d7c1a5b0c8a67865b"
        },
        {
          "type": "icon",
          "assetId": "SapFmS2H-2F",
          "checksum": "d3a4c0f36bee8c6feff931c10d9e93a8"
        },
        {
          "type": "icon",
          "assetId": "WtUBniWG3kV",
          "checksum": "45f85f5fd04b217a4b791566950c29f2"
        },
        {
          "type": "icon",
          "assetId": "tKjLwdIbUcM",
          "checksum": "9e376d54ffcd173824fa7147edb63c9b"
        },
        {
          "type": "icon",
          "assetId": "vKGlXT3WC",
          "checksum": "52c78e0a1546448b636919eb0fa111e0"
        },
        {
          "type": "icon",
          "assetId": "VKITonYrfS",
          "checksum": "5a7d9daa2bc6a0d49950c5a75db0d0a8"
        },
        {
          "type": "icon",
          "assetId": "Gq6eJgVK32",
          "checksum": "38f01f8d8716fc777d28b4be6e05fc06"
        },
        {
          "type": "icon",
          "assetId": "bhifgQB9z3",
          "checksum": "10c68e36c15f6e5c9964c2c8a0ee80f6"
        },
        {
          "type": "icon",
          "assetId": "-nRjnyyV3T",
          "checksum": "50211e36b6b2672b9a9f5a7733eeccae"
        },
        {
          "type": "image",
          "assetId": "W8NeOG4Ye",
          "checksum": "75847fc37134216e60402c3fb66b1d0c"
        },
        {
          "type": "image",
          "assetId": "zRw1HLStY4",
          "checksum": "4c4c5b5fb638197850c93d8980186d6a"
        },
        {
          "type": "image",
          "assetId": "gNW00NpnTz",
          "checksum": "670e082e29804ad7f14ac58b36d3d507"
        },
        {
          "type": "image",
          "assetId": "9mn-oE36Fd",
          "checksum": "331d06f6247f1c9f6cf8a9e78aa9ff36"
        },
        {
          "type": "image",
          "assetId": "d_tg4EgSJw",
          "checksum": "9c0b1961018f17ece565a6c53eb0608a"
        },
        {
          "type": "image",
          "assetId": "EQby6m9qL3",
          "checksum": "b3a2e0ae8bb9512f895d6880050180fb"
        },
        {
          "type": "image",
          "assetId": "g6vR30puV",
          "checksum": "bf54f42b56576247b29c9d872b7f8dfc"
        },
        {
          "type": "image",
          "assetId": "EggwtAGfMD",
          "checksum": "664eb3bf524d9ad1b6756c11393e6829"
        },
        {
          "type": "image",
          "assetId": "BH8HpEKlT2",
          "checksum": "d13aff0d3f71d73f38dd8a101e525b1c"
        },
        {
          "type": "image",
          "assetId": "ceA7M_wUDQ",
          "checksum": "d9d85c4aa72fe1c030c8b9a33be466bd"
        },
        {
          "type": "image",
          "assetId": "SYK-_t8ZbM2",
          "checksum": "6cf411fa004628f41ae7ee5f933c70d4"
        },
        {
          "type": "image",
          "assetId": "NHQuP7VP5cP",
          "checksum": "6152a8fba702f27f4e708e7026eba774"
        }
      ]
    }
  ],
  "cliVersion": "0.1.166"
}
